
Microsoft Visual Studio Solution File, Format Version 12.00
# Visual Studio Version 17
VisualStudioVersion = 17.7.34221.43
MinimumVisualStudioVersion = 10.0.40219.1
Project("{FAE04EC0-301F-11D3-BF4B-00C04F79EFBC}") = "PatronVisitor", "PatronVisitor.csproj", "{E2ED7112-41C4-447B-995D-775991D5890B}"
EndProject
Global
	GlobalSection(SolutionConfigurationPlatforms) = preSolution
		Debug|Any CPU = Debug|Any CPU
		Release|Any CPU = Release|Any CPU
	EndGlobalSection
	GlobalSection(ProjectConfigurationPlatforms) = postSolution
		{E2ED7112-41C4-447B-995D-775991D5890B}.Debug|Any CPU.ActiveCfg = Debug|Any CPU
		{E2ED7112-41C4-447B-995D-775991D5890B}.Debug|Any CPU.Build.0 = Debug|Any CPU
		{E2ED7112-41C4-447B-995D-775991D5890B}.Release|Any CPU.ActiveCfg = Release|Any CPU
		{E2ED7112-41C4-447B-995D-775991D5890B}.Release|Any CPU.Build.0 = Release|Any CPU
	EndGlobalSection
	GlobalSection(SolutionProperties) = preSolution
		HideSolutionNode = FALSE
	EndGlobalSection
	GlobalSection(ExtensibilityGlobals) = postSolution
		SolutionGuid = {2CFF8CD1-8D09-4144-B9CD-B4624FE6650F}
	EndGlobalSection
EndGlobal
